// !$*UTF8*$!
{
	archiveVersion = 1;
	classes = {
	};
	objectVersion = 50;
	objects = {

/* Begin PBXBuildFile section */
		4949F53123514E2100742B8B /* AppDelegate.swift in Sources */ = {isa = PBXBuildFile; fileRef = 4949F53023514E2100742B8B /* AppDelegate.swift */; };
		4949F53323514E2100742B8B /* SceneDelegate.swift in Sources */ = {isa = PBXBuildFile; fileRef = 4949F53223514E2100742B8B /* SceneDelegate.swift */; };
		4949F53623514E2100742B8B /* building_lists_and_navigation.xcdatamodeld in Sources */ = {isa = PBXBuildFile; fileRef = 4949F53423514E2100742B8B /* building_lists_and_navigation.xcdatamodeld */; };
		4949F53823514E2100742B8B /* ContentView.swift in Sources */ = {isa = PBXBuildFile; fileRef = 4949F53723514E2100742B8B /* ContentView.swift */; };
		4949F53A23514E2200742B8B /* Assets.xcassets in Resources */ = {isa = PBXBuildFile; fileRef = 4949F53923514E2200742B8B /* Assets.xcassets */; };
		4949F53D23514E2200742B8B /* Preview Assets.xcassets in Resources */ = {isa = PBXBuildFile; fileRef = 4949F53C23514E2200742B8B /* Preview Assets.xcassets */; };
		4949F54023514E2200742B8B /* LaunchScreen.storyboard in Resources */ = {isa = PBXBuildFile; fileRef = 4949F53E23514E2200742B8B /* LaunchScreen.storyboard */; };
		4949F54B23514E2200742B8B /* building_lists_and_navigationTests.swift in Sources */ = {isa = PBXBuildFile; fileRef = 4949F54A23514E2200742B8B /* building_lists_and_navigationTests.swift */; };
		4949F55623514E2200742B8B /* building_lists_and_navigationUITests.swift in Sources */ = {isa = PBXBuildFile; fileRef = 4949F55523514E2200742B8B /* building_lists_and_navigationUITests.swift */; };
		4949F5662351578100742B8B /* Landmark.swift in Sources */ = {isa = PBXBuildFile; fileRef = 4949F5652351578100742B8B /* Landmark.swift */; };
		496E3AE523515E6700DE1A13 /* MapView.swift in Sources */ = {isa = PBXBuildFile; fileRef = 496E3AE423515E6700DE1A13 /* MapView.swift */; };
		496E3AE723515EC400DE1A13 /* CircleImage.swift in Sources */ = {isa = PBXBuildFile; fileRef = 496E3AE623515EC400DE1A13 /* CircleImage.swift */; };
		496E3AEA23519DB400DE1A13 /* LandmarkDetail.swift in Sources */ = {isa = PBXBuildFile; fileRef = 496E3AE923519DB400DE1A13 /* LandmarkDetail.swift */; };
		496E3AEE2351A5BD00DE1A13 /* LandmarkRow.swift in Sources */ = {isa = PBXBuildFile; fileRef = 496E3AED2351A5BD00DE1A13 /* LandmarkRow.swift */; };
		496E3AF02351AA7E00DE1A13 /* Data.swift in Sources */ = {isa = PBXBuildFile; fileRef = 496E3AEF2351AA7E00DE1A13 /* Data.swift */; };
		496E3AFE2351AC7B00DE1A13 /* stmarylake.jpg in Resources */ = {isa = PBXBuildFile; fileRef = 496E3AF12351AC7B00DE1A13 /* stmarylake.jpg */; };
		496E3AFF2351AC7B00DE1A13 /* chilkoottrail.jpg in Resources */ = {isa = PBXBuildFile; fileRef = 496E3AF22351AC7B00DE1A13 /* chilkoottrail.jpg */; };
		496E3B002351AC7B00DE1A13 /* chincoteague.jpg in Resources */ = {isa = PBXBuildFile; fileRef = 496E3AF32351AC7B00DE1A13 /* chincoteague.jpg */; };
		496E3B012351AC7B00DE1A13 /* rainbowlake.jpg in Resources */ = {isa = PBXBuildFile; fileRef = 496E3AF42351AC7B00DE1A13 /* rainbowlake.jpg */; };
		496E3B022351AC7B00DE1A13 /* turtlerock.jpg in Resources */ = {isa = PBXBuildFile; fileRef = 496E3AF52351AC7B00DE1A13 /* turtlerock.jpg */; };
		496E3B032351AC7B00DE1A13 /* landmarkData.json in Resources */ = {isa = PBXBuildFile; fileRef = 496E3AF62351AC7B00DE1A13 /* landmarkData.json */; };
		496E3B042351AC7B00DE1A13 /* twinlake.jpg in Resources */ = {isa = PBXBuildFile; fileRef = 496E3AF72351AC7B00DE1A13 /* twinlake.jpg */; };
		496E3B052351AC7B00DE1A13 /* lakemcdonald.jpg in Resources */ = {isa = PBXBuildFile; fileRef = 496E3AF82351AC7B00DE1A13 /* lakemcdonald.jpg */; };
		496E3B062351AC7B00DE1A13 /* hiddenlake.jpg in Resources */ = {isa = PBXBuildFile; fileRef = 496E3AF92351AC7B00DE1A13 /* hiddenlake.jpg */; };
		496E3B072351AC7B00DE1A13 /* yukon_charleyrivers.jpg in Resources */ = {isa = PBXBuildFile; fileRef = 496E3AFA2351AC7B00DE1A13 /* yukon_charleyrivers.jpg */; };
		496E3B082351AC7B00DE1A13 /* silversalmoncreek.jpg in Resources */ = {isa = PBXBuildFile; fileRef = 496E3AFB2351AC7B00DE1A13 /* silversalmoncreek.jpg */; };
		496E3B092351AC7B00DE1A13 /* icybay.jpg in Resources */ = {isa = PBXBuildFile; fileRef = 496E3AFC2351AC7B00DE1A13 /* icybay.jpg */; };
		496E3B0A2351AC7B00DE1A13 /* umbagog.jpg in Resources */ = {isa = PBXBuildFile; fileRef = 496E3AFD2351AC7B00DE1A13 /* umbagog.jpg */; };
		496E3B0C2351C52900DE1A13 /* LandmarkList.swift in Sources */ = {isa = PBXBuildFile; fileRef = 496E3B0B2351C52900DE1A13 /* LandmarkList.swift */; };
		496E3B0E2351D5DB00DE1A13 /* landmarkData.json in Resources */ = {isa = PBXBuildFile; fileRef = 496E3B0D2351D5DB00DE1A13 /* landmarkData.json */; };
/* End PBXBuildFile section */

/* Begin PBXContainerItemProxy section */
		4949F54723514E2200742B8B /* PBXContainerItemProxy */ = {
			isa = PBXContainerItemProxy;
			containerPortal = 4949F52523514E2100742B8B /* Project object */;
			proxyType = 1;
			remoteGlobalIDString = 4949F52C23514E2100742B8B;
			remoteInfo = "building-lists-and-navigation";
		};
		4949F55223514E2200742B8B /* PBXContainerItemProxy */ = {
			isa = PBXContainerItemProxy;
			containerPortal = 4949F52523514E2100742B8B /* Project object */;
			proxyType = 1;
			remoteGlobalIDString = 4949F52C23514E2100742B8B;
			remoteInfo = "building-lists-and-navigation";
		};
/* End PBXContainerItemProxy section */

/* Begin PBXFileReference section */
		4949F52D23514E2100742B8B /* building-lists-and-navigation.app */ = {isa = PBXFileReference; explicitFileType = wrapper.application; includeInIndex = 0; path = "building-lists-and-navigation.app"; sourceTree = BUILT_PRODUCTS_DIR; };
		4949F53023514E2100742B8B /* AppDelegate.swift */ = {isa = PBXFileReference; lastKnownFileType = sourcecode.swift; path = AppDelegate.swift; sourceTree = "<group>"; };
		4949F53223514E2100742B8B /* SceneDelegate.swift */ = {isa = PBXFileReference; lastKnownFileType = sourcecode.swift; path = SceneDelegate.swift; sourceTree = "<group>"; };
		4949F53523514E2100742B8B /* building_lists_and_navigation.xcdatamodel */ = {isa = PBXFileReference; lastKnownFileType = wrapper.xcdatamodel; path = building_lists_and_navigation.xcdatamodel; sourceTree = "<group>"; };
		4949F53723514E2100742B8B /* ContentView.swift */ = {isa = PBXFileReference; lastKnownFileType = sourcecode.swift; path = ContentView.swift; sourceTree = "<group>"; };
		4949F53923514E2200742B8B /* Assets.xcassets */ = {isa = PBXFileReference; lastKnownFileType = folder.assetcatalog; path = Assets.xcassets; sourceTree = "<group>"; };
		4949F53C23514E2200742B8B /* Preview Assets.xcassets */ = {isa = PBXFileReference; lastKnownFileType = folder.assetcatalog; path = "Preview Assets.xcassets"; sourceTree = "<group>"; };
		4949F53F23514E2200742B8B /* Base */ = {isa = PBXFileReference; lastKnownFileType = file.storyboard; name = Base; path = Base.lproj/LaunchScreen.storyboard; sourceTree = "<group>"; };
		4949F54123514E2200742B8B /* Info.plist */ = {isa = PBXFileReference; lastKnownFileType = text.plist.xml; path = Info.plist; sourceTree = "<group>"; };
		4949F54623514E2200742B8B /* building-lists-and-navigationTests.xctest */ = {isa = PBXFileReference; explicitFileType = wrapper.cfbundle; includeInIndex = 0; path = "building-lists-and-navigationTests.xctest"; sourceTree = BUILT_PRODUCTS_DIR; };
		4949F54A23514E2200742B8B /* building_lists_and_navigationTests.swift */ = {isa = PBXFileReference; lastKnownFileType = sourcecode.swift; path = building_lists_and_navigationTests.swift; sourceTree = "<group>"; };
		4949F54C23514E2200742B8B /* Info.plist */ = {isa = PBXFileReference; lastKnownFileType = text.plist.xml; path = Info.plist; sourceTree = "<group>"; };
		4949F55123514E2200742B8B /* building-lists-and-navigationUITests.xctest */ = {isa = PBXFileReference; explicitFileType = wrapper.cfbundle; includeInIndex = 0; path = "building-lists-and-navigationUITests.xctest"; sourceTree = BUILT_PRODUCTS_DIR; };
		4949F55523514E2200742B8B /* building_lists_and_navigationUITests.swift */ = {isa = PBXFileReference; lastKnownFileType = sourcecode.swift; path = building_lists_and_navigationUITests.swift; sourceTree = "<group>"; };
		4949F55723514E2200742B8B /* Info.plist */ = {isa = PBXFileReference; lastKnownFileType = text.plist.xml; path = Info.plist; sourceTree = "<group>"; };
		4949F5652351578100742B8B /* Landmark.swift */ = {isa = PBXFileReference; lastKnownFileType = sourcecode.swift; path = Landmark.swift; sourceTree = "<group>"; };
		496E3AE423515E6700DE1A13 /* MapView.swift */ = {isa = PBXFileReference; lastKnownFileType = sourcecode.swift; path = MapView.swift; sourceTree = "<group>"; };
		496E3AE623515EC400DE1A13 /* CircleImage.swift */ = {isa = PBXFileReference; lastKnownFileType = sourcecode.swift; path = CircleImage.swift; sourceTree = "<group>"; };
		496E3AE923519DB400DE1A13 /* LandmarkDetail.swift */ = {isa = PBXFileReference; lastKnownFileType = sourcecode.swift; path = LandmarkDetail.swift; sourceTree = "<group>"; };
		496E3AED2351A5BD00DE1A13 /* LandmarkRow.swift */ = {isa = PBXFileReference; lastKnownFileType = sourcecode.swift; path = LandmarkRow.swift; sourceTree = "<group>"; };
		496E3AEF2351AA7E00DE1A13 /* Data.swift */ = {isa = PBXFileReference; lastKnownFileType = sourcecode.swift; path = Data.swift; sourceTree = "<group>"; };
		496E3AF12351AC7B00DE1A13 /* stmarylake.jpg */ = {isa = PBXFileReference; lastKnownFileType = image.jpeg; path = stmarylake.jpg; sourceTree = "<group>"; };
		496E3AF22351AC7B00DE1A13 /* chilkoottrail.jpg */ = {isa = PBXFileReference; lastKnownFileType = image.jpeg; path = chilkoottrail.jpg; sourceTree = "<group>"; };
		496E3AF32351AC7B00DE1A13 /* chincoteague.jpg */ = {isa = PBXFileReference; lastKnownFileType = image.jpeg; path = chincoteague.jpg; sourceTree = "<group>"; };
		496E3AF42351AC7B00DE1A13 /* rainbowlake.jpg */ = {isa = PBXFileReference; lastKnownFileType = image.jpeg; path = rainbowlake.jpg; sourceTree = "<group>"; };
		496E3AF52351AC7B00DE1A13 /* turtlerock.jpg */ = {isa = PBXFileReference; lastKnownFileType = image.jpeg; path = turtlerock.jpg; sourceTree = "<group>"; };
		496E3AF62351AC7B00DE1A13 /* landmarkData.json */ = {isa = PBXFileReference; fileEncoding = 4; lastKnownFileType = text.json; name = landmarkData.json; path = ../../../BuildingListsAndNavigation/Complete/Landmarks/Landmarks/Resources/landmarkData.json; sourceTree = "<group>"; };
		496E3AF72351AC7B00DE1A13 /* twinlake.jpg */ = {isa = PBXFileReference; lastKnownFileType = image.jpeg; path = twinlake.jpg; sourceTree = "<group>"; };
		496E3AF82351AC7B00DE1A13 /* lakemcdonald.jpg */ = {isa = PBXFileReference; lastKnownFileType = image.jpeg; path = lakemcdonald.jpg; sourceTree = "<group>"; };
		496E3AF92351AC7B00DE1A13 /* hiddenlake.jpg */ = {isa = PBXFileReference; lastKnownFileType = image.jpeg; path = hiddenlake.jpg; sourceTree = "<group>"; };
		496E3AFA2351AC7B00DE1A13 /* yukon_charleyrivers.jpg */ = {isa = PBXFileReference; lastKnownFileType = image.jpeg; path = yukon_charleyrivers.jpg; sourceTree = "<group>"; };
		496E3AFB2351AC7B00DE1A13 /* silversalmoncreek.jpg */ = {isa = PBXFileReference; lastKnownFileType = image.jpeg; path = silversalmoncreek.jpg; sourceTree = "<group>"; };
		496E3AFC2351AC7B00DE1A13 /* icybay.jpg */ = {isa = PBXFileReference; lastKnownFileType = image.jpeg; path = icybay.jpg; sourceTree = "<group>"; };
		496E3AFD2351AC7B00DE1A13 /* umbagog.jpg */ = {isa = PBXFileReference; lastKnownFileType = image.jpeg; path = umbagog.jpg; sourceTree = "<group>"; };
		496E3B0B2351C52900DE1A13 /* LandmarkList.swift */ = {isa = PBXFileReference; lastKnownFileType = sourcecode.swift; path = LandmarkList.swift; sourceTree = "<group>"; };
		496E3B0D2351D5DB00DE1A13 /* landmarkData.json */ = {isa = PBXFileReference; fileEncoding = 4; lastKnownFileType = text.json; path = landmarkData.json; sourceTree = "<group>"; };
/* End PBXFileReference section */

/* Begin PBXFrameworksBuildPhase section */
		4949F52A23514E2100742B8B /* Frameworks */ = {
			isa = PBXFrameworksBuildPhase;
			buildActionMask = 2147483647;
			files = (
			);
			runOnlyForDeploymentPostprocessing = 0;
		};
		4949F54323514E2200742B8B /* Frameworks */ = {
			isa = PBXFrameworksBuildPhase;
			buildActionMask = 2147483647;
			files = (
			);
			runOnlyForDeploymentPostprocessing = 0;
		};
		4949F54E23514E2200742B8B /* Frameworks */ = {
			isa = PBXFrameworksBuildPhase;
			buildActionMask = 2147483647;
			files = (
			);
			runOnlyForDeploymentPostprocessing = 0;
		};
/* End PBXFrameworksBuildPhase section */

/* Begin PBXGroup section */
		4949F52423514E2100742B8B = {
			isa = PBXGroup;
			children = (
				4949F52F23514E2100742B8B /* building-lists-and-navigation */,
				4949F54923514E2200742B8B /* building-lists-and-navigationTests */,
				4949F55423514E2200742B8B /* building-lists-and-navigationUITests */,
				4949F52E23514E2100742B8B /* Products */,
			);
			sourceTree = "<group>";
		};
		4949F52E23514E2100742B8B /* Products */ = {
			isa = PBXGroup;
			children = (
				4949F52D23514E2100742B8B /* building-lists-and-navigation.app */,
				4949F54623514E2200742B8B /* building-lists-and-navigationTests.xctest */,
				4949F55123514E2200742B8B /* building-lists-and-navigationUITests.xctest */,
			);
			name = Products;
			sourceTree = "<group>";
		};
		4949F52F23514E2100742B8B /* building-lists-and-navigation */ = {
			isa = PBXGroup;
			children = (
				496E3AE823519D9600DE1A13 /* pages */,
				496E3AE323515D2300DE1A13 /* Components */,
				4949F56723515C3A00742B8B /* Resources */,
				4949F5642351574A00742B8B /* Models */,
				4949F53023514E2100742B8B /* AppDelegate.swift */,
				4949F53223514E2100742B8B /* SceneDelegate.swift */,
				4949F53723514E2100742B8B /* ContentView.swift */,
				4949F53923514E2200742B8B /* Assets.xcassets */,
				4949F53E23514E2200742B8B /* LaunchScreen.storyboard */,
				4949F54123514E2200742B8B /* Info.plist */,
				4949F53423514E2100742B8B /* building_lists_and_navigation.xcdatamodeld */,
				4949F53B23514E2200742B8B /* Preview Content */,
			);
			path = "building-lists-and-navigation";
			sourceTree = "<group>";
		};
		4949F53B23514E2200742B8B /* Preview Content */ = {
			isa = PBXGroup;
			children = (
				4949F53C23514E2200742B8B /* Preview Assets.xcassets */,
			);
			path = "Preview Content";
			sourceTree = "<group>";
		};
		4949F54923514E2200742B8B /* building-lists-and-navigationTests */ = {
			isa = PBXGroup;
			children = (
				4949F54A23514E2200742B8B /* building_lists_and_navigationTests.swift */,
				4949F54C23514E2200742B8B /* Info.plist */,
			);
			path = "building-lists-and-navigationTests";
			sourceTree = "<group>";
		};
		4949F55423514E2200742B8B /* building-lists-and-navigationUITests */ = {
			isa = PBXGroup;
			children = (
				4949F55523514E2200742B8B /* building_lists_and_navigationUITests.swift */,
				4949F55723514E2200742B8B /* Info.plist */,
			);
			path = "building-lists-and-navigationUITests";
			sourceTree = "<group>";
		};
		4949F5642351574A00742B8B /* Models */ = {
			isa = PBXGroup;
			children = (
				4949F5652351578100742B8B /* Landmark.swift */,
				496E3AEF2351AA7E00DE1A13 /* Data.swift */,
			);
			path = Models;
			sourceTree = "<group>";
		};
		4949F56723515C3A00742B8B /* Resources */ = {
			isa = PBXGroup;
			children = (
				496E3B0D2351D5DB00DE1A13 /* landmarkData.json */,
				496E3AF22351AC7B00DE1A13 /* chilkoottrail.jpg */,
				496E3AF32351AC7B00DE1A13 /* chincoteague.jpg */,
				496E3AF92351AC7B00DE1A13 /* hiddenlake.jpg */,
				496E3AFC2351AC7B00DE1A13 /* icybay.jpg */,
				496E3AF82351AC7B00DE1A13 /* lakemcdonald.jpg */,
				496E3AF62351AC7B00DE1A13 /* landmarkData.json */,
				496E3AF42351AC7B00DE1A13 /* rainbowlake.jpg */,
				496E3AFB2351AC7B00DE1A13 /* silversalmoncreek.jpg */,
				496E3AF12351AC7B00DE1A13 /* stmarylake.jpg */,
				496E3AF52351AC7B00DE1A13 /* turtlerock.jpg */,
				496E3AF72351AC7B00DE1A13 /* twinlake.jpg */,
				496E3AFD2351AC7B00DE1A13 /* umbagog.jpg */,
				496E3AFA2351AC7B00DE1A13 /* yukon_charleyrivers.jpg */,
			);
			path = Resources;
			sourceTree = "<group>";
		};
		496E3AE323515D2300DE1A13 /* Components */ = {
			isa = PBXGroup;
			children = (
				496E3AED2351A5BD00DE1A13 /* LandmarkRow.swift */,
				496E3AE423515E6700DE1A13 /* MapView.swift */,
				496E3AE623515EC400DE1A13 /* CircleImage.swift */,
			);
			path = Components;
			sourceTree = "<group>";
		};
		496E3AE823519D9600DE1A13 /* pages */ = {
			isa = PBXGroup;
			children = (
				496E3AE923519DB400DE1A13 /* LandmarkDetail.swift */,
				496E3B0B2351C52900DE1A13 /* LandmarkList.swift */,
			);
			path = pages;
			sourceTree = "<group>";
		};
/* End PBXGroup section */

/* Begin PBXNativeTarget section */
		4949F52C23514E2100742B8B /* building-lists-and-navigation */ = {
			isa = PBXNativeTarget;
			buildConfigurationList = 4949F55A23514E2200742B8B /* Build configuration list for PBXNativeTarget "building-lists-and-navigation" */;
			buildPhases = (
				4949F52923514E2100742B8B /* Sources */,
				4949F52A23514E2100742B8B /* Frameworks */,
				4949F52B23514E2100742B8B /* Resources */,
			);
			buildRules = (
			);
			dependencies = (
			);
			name = "building-lists-and-navigation";
			productName = "building-lists-and-navigation";
			productReference = 4949F52D23514E2100742B8B /* building-lists-and-navigation.app */;
			productType = "com.apple.product-type.application";
		};
		4949F54523514E2200742B8B /* building-lists-and-navigationTests */ = {
			isa = PBXNativeTarget;
			buildConfigurationList = 4949F55D23514E2200742B8B /* Build configuration list for PBXNativeTarget "building-lists-and-navigationTests" */;
			buildPhases = (
				4949F54223514E2200742B8B /* Sources */,
				4949F54323514E2200742B8B /* Frameworks */,
				4949F54423514E2200742B8B /* Resources */,
			);
			buildRules = (
			);
			dependencies = (
				4949F54823514E2200742B8B /* PBXTargetDependency */,
			);
			name = "building-lists-and-navigationTests";
			productName = "building-lists-and-navigationTests";
			productReference = 4949F54623514E2200742B8B /* building-lists-and-navigationTests.xctest */;
			productType = "com.apple.product-type.bundle.unit-test";
		};
		4949F55023514E2200742B8B /* building-lists-and-navigationUITests */ = {
			isa = PBXNativeTarget;
			buildConfigurationList = 4949F56023514E2200742B8B /* Build configuration list for PBXNativeTarget "building-lists-and-navigationUITests" */;
			buildPhases = (
				4949F54D23514E2200742B8B /* Sources */,
				4949F54E23514E2200742B8B /* Frameworks */,
				4949F54F23514E2200742B8B /* Resources */,
			);
			buildRules = (
			);
			dependencies = (
				4949F55323514E2200742B8B /* PBXTargetDependency */,
			);
			name = "building-lists-and-navigationUITests";
			productName = "building-lists-and-navigationUITests";
			productReference = 4949F55123514E2200742B8B /* building-lists-and-navigationUITests.xctest */;
			productType = "com.apple.product-type.bundle.ui-testing";
		};
/* End PBXNativeTarget section */

/* Begin PBXProject section */
		4949F52523514E2100742B8B /* Project object */ = {
			isa = PBXProject;
			attributes = {
				LastSwiftUpdateCheck = 1110;
				LastUpgradeCheck = 1110;
				ORGANIZATIONNAME = "Yota Suzuki";
				TargetAttributes = {
					4949F52C23514E2100742B8B = {
						CreatedOnToolsVersion = 11.1;
					};
					4949F54523514E2200742B8B = {
						CreatedOnToolsVersion = 11.1;
						TestTargetID = 4949F52C23514E2100742B8B;
					};
					4949F55023514E2200742B8B = {
						CreatedOnToolsVersion = 11.1;
						TestTargetID = 4949F52C23514E2100742B8B;
					};
				};
			};
			buildConfigurationList = 4949F52823514E2100742B8B /* Build configuration list for PBXProject "building-lists-and-navigation" */;
			compatibilityVersion = "Xcode 9.3";
			developmentRegion = en;
			hasScannedForEncodings = 0;
			knownRegions = (
				en,
				Base,
			);
			mainGroup = 4949F52423514E2100742B8B;
			productRefGroup = 4949F52E23514E2100742B8B /* Products */;
			projectDirPath = "";
			projectRoot = "";
			targets = (
				4949F52C23514E2100742B8B /* building-lists-and-navigation */,
				4949F54523514E2200742B8B /* building-lists-and-navigationTests */,
				4949F55023514E2200742B8B /* building-lists-and-navigationUITests */,
			);
		};
/* End PBXProject section */

/* Begin PBXResourcesBuildPhase section */
		4949F52B23514E2100742B8B /* Resources */ = {
			isa = PBXResourcesBuildPhase;
			buildActionMask = 2147483647;
			files = (
				496E3B082351AC7B00DE1A13 /* silversalmoncreek.jpg in Resources */,
				496E3B072351AC7B00DE1A13 /* yukon_charleyrivers.jpg in Resources */,
				4949F54023514E2200742B8B /* LaunchScreen.storyboard in Resources */,
				496E3B0E2351D5DB00DE1A13 /* landmarkData.json in Resources */,
				496E3B062351AC7B00DE1A13 /* hiddenlake.jpg in Resources */,
				496E3AFF2351AC7B00DE1A13 /* chilkoottrail.jpg in Resources */,
				496E3B022351AC7B00DE1A13 /* turtlerock.jpg in Resources */,
				496E3B032351AC7B00DE1A13 /* landmarkData.json in Resources */,
				496E3AFE2351AC7B00DE1A13 /* stmarylake.jpg in Resources */,
				496E3B002351AC7B00DE1A13 /* chincoteague.jpg in Resources */,
				496E3B0A2351AC7B00DE1A13 /* umbagog.jpg in Resources */,
				496E3B052351AC7B00DE1A13 /* lakemcdonald.jpg in Resources */,
				496E3B092351AC7B00DE1A13 /* icybay.jpg in Resources */,
				496E3B012351AC7B00DE1A13 /* rainbowlake.jpg in Resources */,
				4949F53D23514E2200742B8B /* Preview Assets.xcassets in Resources */,
				4949F53A23514E2200742B8B /* Assets.xcassets in Resources */,
				496E3B042351AC7B00DE1A13 /* twinlake.jpg in Resources */,
			);
			runOnlyForDeploymentPostprocessing = 0;
		};
		4949F54423514E2200742B8B /* Resources */ = {
			isa = PBXResourcesBuildPhase;
			buildActionMask = 2147483647;
			files = (
			);
			runOnlyForDeploymentPostprocessing = 0;
		};
		4949F54F23514E2200742B8B /* Resources */ = {
			isa = PBXResourcesBuildPhase;
			buildActionMask = 2147483647;
			files = (
			);
			runOnlyForDeploymentPostprocessing = 0;
		};
/* End PBXResourcesBuildPhase section */

/* Begin PBXSourcesBuildPhase section */
		4949F52923514E2100742B8B /* Sources */ = {
			isa = PBXSourcesBuildPhase;
			buildActionMask = 2147483647;
			files = (
				4949F53123514E2100742B8B /* AppDelegate.swift in Sources */,
				496E3B0C2351C52900DE1A13 /* LandmarkList.swift in Sources */,
				496E3AF02351AA7E00DE1A13 /* Data.swift in Sources */,
				496E3AE523515E6700DE1A13 /* MapView.swift in Sources */,
				4949F53623514E2100742B8B /* building_lists_and_navigation.xcdatamodeld in Sources */,
				496E3AE723515EC400DE1A13 /* CircleImage.swift in Sources */,
				496E3AEA23519DB400DE1A13 /* LandmarkDetail.swift in Sources */,
				4949F53823514E2100742B8B /* ContentView.swift in Sources */,
				4949F53323514E2100742B8B /* SceneDelegate.swift in Sources */,
				4949F5662351578100742B8B /* Landmark.swift in Sources */,
				496E3AEE2351A5BD00DE1A13 /* LandmarkRow.swift in Sources */,
			);
			runOnlyForDeploymentPostprocessing = 0;
		};
		4949F54223514E2200742B8B /* Sources */ = {
			isa = PBXSourcesBuildPhase;
			buildActionMask = 2147483647;
			files = (
				4949F54B23514E2200742B8B /* building_lists_and_navigationTests.swift in Sources */,
			);
			runOnlyForDeploymentPostprocessing = 0;
		};
		4949F54D23514E2200742B8B /* Sources */ = {
			isa = PBXSourcesBuildPhase;
			buildActionMask = 2147483647;
			files = (
				4949F55623514E2200742B8B /* building_lists_and_navigationUITests.swift in Sources */,
			);
			runOnlyForDeploymentPostprocessing = 0;
		};
/* End PBXSourcesBuildPhase section */

/* Begin PBXTargetDependency section */
		4949F54823514E2200742B8B /* PBXTargetDependency */ = {
			isa = PBXTargetDependency;
			target = 4949F52C23514E2100742B8B /* building-lists-and-navigation */;
			targetProxy = 4949F54723514E2200742B8B /* PBXContainerItemProxy */;
		};
		4949F55323514E2200742B8B /* PBXTargetDependency */ = {
			isa = PBXTargetDependency;
			target = 4949F52C23514E2100742B8B /* building-lists-and-navigation */;
			targetProxy = 4949F55223514E2200742B8B /* PBXContainerItemProxy */;
		};
/* End PBXTargetDependency section */

/* Begin PBXVariantGroup section */
		4949F53E23514E2200742B8B /* LaunchScreen.storyboard */ = {
			isa = PBXVariantGroup;
			children = (
				4949F53F23514E2200742B8B /* Base */,
			);
			name = LaunchScreen.storyboard;
			sourceTree = "<group>";
		};
/* End PBXVariantGroup section */

/* Begin XCBuildConfiguration section */
		4949F55823514E2200742B8B /* Debug */ = {
			isa = XCBuildConfiguration;
			buildSettings = {
				ALWAYS_SEARCH_USER_PATHS = NO;
				CLANG_ANALYZER_NONNULL = YES;
				CLANG_ANALYZER_NUMBER_OBJECT_CONVERSION = YES_AGGRESSIVE;
				CLANG_CXX_LANGUAGE_STANDARD = "gnu++14";
				CLANG_CXX_LIBRARY = "libc++";
				CLANG_ENABLE_MODULES = YES;
				CLANG_ENABLE_OBJC_ARC = YES;
				CLANG_ENABLE_OBJC_WEAK = YES;
				CLANG_WARN_BLOCK_CAPTURE_AUTORELEASING = YES;
				CLANG_WARN_BOOL_CONVERSION = YES;
				CLANG_WARN_COMMA = YES;
				CLANG_WARN_CONSTANT_CONVERSION = YES;
				CLANG_WARN_DEPRECATED_OBJC_IMPLEMENTATIONS = YES;
				CLANG_WARN_DIRECT_OBJC_ISA_USAGE = YES_ERROR;
				CLANG_WARN_DOCUMENTATION_COMMENTS = YES;
				CLANG_WARN_EMPTY_BODY = YES;
				CLANG_WARN_ENUM_CONVERSION = YES;
				CLANG_WARN_INFINITE_RECURSION = YES;
				CLANG_WARN_INT_CONVERSION = YES;
				CLANG_WARN_NON_LITERAL_NULL_CONVERSION = YES;
				CLANG_WARN_OBJC_IMPLICIT_RETAIN_SELF = YES;
				CLANG_WARN_OBJC_LITERAL_CONVERSION = YES;
				CLANG_WARN_OBJC_ROOT_CLASS = YES_ERROR;
				CLANG_WARN_RANGE_LOOP_ANALYSIS = YES;
				CLANG_WARN_STRICT_PROTOTYPES = YES;
				CLANG_WARN_SUSPICIOUS_MOVE = YES;
				CLANG_WARN_UNGUARDED_AVAILABILITY = YES_AGGRESSIVE;
				CLANG_WARN_UNREACHABLE_CODE = YES;
				CLANG_WARN__DUPLICATE_METHOD_MATCH = YES;
				COPY_PHASE_STRIP = NO;
				DEBUG_INFORMATION_FORMAT = dwarf;
				ENABLE_STRICT_OBJC_MSGSEND = YES;
				ENABLE_TESTABILITY = YES;
				GCC_C_LANGUAGE_STANDARD = gnu11;
				GCC_DYNAMIC_NO_PIC = NO;
				GCC_NO_COMMON_BLOCKS = YES;
				GCC_OPTIMIZATION_LEVEL = 0;
				GCC_PREPROCESSOR_DEFINITIONS = (
					"DEBUG=1",
					"$(inherited)",
				);
				GCC_WARN_64_TO_32_BIT_CONVERSION = YES;
				GCC_WARN_ABOUT_RETURN_TYPE = YES_ERROR;
				GCC_WARN_UNDECLARED_SELECTOR = YES;
				GCC_WARN_UNINITIALIZED_AUTOS = YES_AGGRESSIVE;
				GCC_WARN_UNUSED_FUNCTION = YES;
				GCC_WARN_UNUSED_VARIABLE = YES;
				IPHONEOS_DEPLOYMENT_TARGET = 13.1;
				MTL_ENABLE_DEBUG_INFO = INCLUDE_SOURCE;
				MTL_FAST_MATH = YES;
				ONLY_ACTIVE_ARCH = YES;
				SDKROOT = iphoneos;
				SWIFT_ACTIVE_COMPILATION_CONDITIONS = DEBUG;
				SWIFT_OPTIMIZATION_LEVEL = "-Onone";
			};
			name = Debug;
		};
		4949F55923514E2200742B8B /* Release */ = {
			isa = XCBuildConfiguration;
			buildSettings = {
				ALWAYS_SEARCH_USER_PATHS = NO;
				CLANG_ANALYZER_NONNULL = YES;
				CLANG_ANALYZER_NUMBER_OBJECT_CONVERSION = YES_AGGRESSIVE;
				CLANG_CXX_LANGUAGE_STANDARD = "gnu++14";
				CLANG_CXX_LIBRARY = "libc++";
				CLANG_ENABLE_MODULES = YES;
				CLANG_ENABLE_OBJC_ARC = YES;
				CLANG_ENABLE_OBJC_WEAK = YES;
				CLANG_WARN_BLOCK_CAPTURE_AUTORELEASING = YES;
				CLANG_WARN_BOOL_CONVERSION = YES;
				CLANG_WARN_COMMA = YES;
				CLANG_WARN_CONSTANT_CONVERSION = YES;
				CLANG_WARN_DEPRECATED_OBJC_IMPLEMENTATIONS = YES;
				CLANG_WARN_DIRECT_OBJC_ISA_USAGE = YES_ERROR;
				CLANG_WARN_DOCUMENTATION_COMMENTS = YES;
				CLANG_WARN_EMPTY_BODY = YES;
				CLANG_WARN_ENUM_CONVERSION = YES;
				CLANG_WARN_INFINITE_RECURSION = YES;
				CLANG_WARN_INT_CONVERSION = YES;
				CLANG_WARN_NON_LITERAL_NULL_CONVERSION = YES;
				CLANG_WARN_OBJC_IMPLICIT_RETAIN_SELF = YES;
				CLANG_WARN_OBJC_LITERAL_CONVERSION = YES;
				CLANG_WARN_OBJC_ROOT_CLASS = YES_ERROR;
				CLANG_WARN_RANGE_LOOP_ANALYSIS = YES;
				CLANG_WARN_STRICT_PROTOTYPES = YES;
				CLANG_WARN_SUSPICIOUS_MOVE = YES;
				CLANG_WARN_UNGUARDED_AVAILABILITY = YES_AGGRESSIVE;
				CLANG_WARN_UNREACHABLE_CODE = YES;
				CLANG_WARN__DUPLICATE_METHOD_MATCH = YES;
				COPY_PHASE_STRIP = NO;
				DEBUG_INFORMATION_FORMAT = "dwarf-with-dsym";
				ENABLE_NS_ASSERTIONS = NO;
				ENABLE_STRICT_OBJC_MSGSEND = YES;
				GCC_C_LANGUAGE_STANDARD = gnu11;
				GCC_NO_COMMON_BLOCKS = YES;
				GCC_WARN_64_TO_32_BIT_CONVERSION = YES;
				GCC_WARN_ABOUT_RETURN_TYPE = YES_ERROR;
				GCC_WARN_UNDECLARED_SELECTOR = YES;
				GCC_WARN_UNINITIALIZED_AUTOS = YES_AGGRESSIVE;
				GCC_WARN_UNUSED_FUNCTION = YES;
				GCC_WARN_UNUSED_VARIABLE = YES;
				IPHONEOS_DEPLOYMENT_TARGET = 13.1;
				MTL_ENABLE_DEBUG_INFO = NO;
				MTL_FAST_MATH = YES;
				SDKROOT = iphoneos;
				SWIFT_COMPILATION_MODE = wholemodule;
				SWIFT_OPTIMIZATION_LEVEL = "-O";
				VALIDATE_PRODUCT = YES;
			};
			name = Release;
		};
		4949F55B23514E2200742B8B /* Debug */ = {
			isa = XCBuildConfiguration;
			buildSettings = {
				ASSETCATALOG_COMPILER_APPICON_NAME = AppIcon;
				CODE_SIGN_STYLE = Automatic;
				DEVELOPMENT_ASSET_PATHS = "\"building-lists-and-navigation/Preview Content\"";
				ENABLE_PREVIEWS = YES;
				INFOPLIST_FILE = "building-lists-and-navigation/Info.plist";
				LD_RUNPATH_SEARCH_PATHS = (
					"$(inherited)",
					"@executable_path/Frameworks",
				);
				PRODUCT_BUNDLE_IDENTIFIER = "me.yo-ta.building-lists-and-navigation";
				PRODUCT_NAME = "$(TARGET_NAME)";
				SWIFT_VERSION = 5.0;
				TARGETED_DEVICE_FAMILY = "1,2";
			};
			name = Debug;
		};
		4949F55C23514E2200742B8B /* Release */ = {
			isa = XCBuildConfiguration;
			buildSettings = {
				ASSETCATALOG_COMPILER_APPICON_NAME = AppIcon;
				CODE_SIGN_STYLE = Automatic;
				DEVELOPMENT_ASSET_PATHS = "\"building-lists-and-navigation/Preview Content\"";
				ENABLE_PREVIEWS = YES;
				INFOPLIST_FILE = "building-lists-and-navigation/Info.plist";
				LD_RUNPATH_SEARCH_PATHS = (
					"$(inherited)",
					"@executable_path/Frameworks",
				);
				PRODUCT_BUNDLE_IDENTIFIER = "me.yo-ta.building-lists-and-navigation";
				PRODUCT_NAME = "$(TARGET_NAME)";
				SWIFT_VERSION = 5.0;
				TARGETED_DEVICE_FAMILY = "1,2";
			};
			name = Release;
		};
		4949F55E23514E2200742B8B /* Debug */ = {
			isa = XCBuildConfiguration;
			buildSettings = {
				ALWAYS_EMBED_SWIFT_STANDARD_LIBRARIES = YES;
				BUNDLE_LOADER = "$(TEST_HOST)";
				CODE_SIGN_STYLE = Automatic;
				INFOPLIST_FILE = "building-lists-and-navigationTests/Info.plist";
				IPHONEOS_DEPLOYMENT_TARGET = 13.1;
				LD_RUNPATH_SEARCH_PATHS = (
					"$(inherited)",
					"@executable_path/Frameworks",
					"@loader_path/Frameworks",
				);
				PRODUCT_BUNDLE_IDENTIFIER = "me.yo-ta.building-lists-and-navigationTests";
				PRODUCT_NAME = "$(TARGET_NAME)";
				SWIFT_VERSION = 5.0;
				TARGETED_DEVICE_FAMILY = "1,2";
				TEST_HOST = "$(BUILT_PRODUCTS_DIR)/building-lists-and-navigation.app/building-lists-and-navigation";
			};
			name = Debug;
		};
		4949F55F23514E2200742B8B /* Release */ = {
			isa = XCBuildConfiguration;
			buildSettings = {
				ALWAYS_EMBED_SWIFT_STANDARD_LIBRARIES = YES;
				BUNDLE_LOADER = "$(TEST_HOST)";
				CODE_SIGN_STYLE = Automatic;
				INFOPLIST_FILE = "building-lists-and-navigationTests/Info.plist";
				IPHONEOS_DEPLOYMENT_TARGET = 13.1;
				LD_RUNPATH_SEARCH_PATHS = (
					"$(inherited)",
					"@executable_path/Frameworks",
					"@loader_path/Frameworks",
				);
				PRODUCT_BUNDLE_IDENTIFIER = "me.yo-ta.building-lists-and-navigationTests";
				PRODUCT_NAME = "$(TARGET_NAME)";
				SWIFT_VERSION = 5.0;
				TARGETED_DEVICE_FAMILY = "1,2";
				TEST_HOST = "$(BUILT_PRODUCTS_DIR)/building-lists-and-navigation.app/building-lists-and-navigation";
			};
			name = Release;
		};
		4949F56123514E2200742B8B /* Debug */ = {
			isa = XCBuildConfiguration;
			buildSettings = {
				ALWAYS_EMBED_SWIFT_STANDARD_LIBRARIES = YES;
				CODE_SIGN_STYLE = Automatic;
				INFOPLIST_FILE = "building-lists-and-navigationUITests/Info.plist";
				LD_RUNPATH_SEARCH_PATHS = (
					"$(inherited)",
					"@executable_path/Frameworks",
					"@loader_path/Frameworks",
				);
				PRODUCT_BUNDLE_IDENTIFIER = "me.yo-ta.building-lists-and-navigationUITests";
				PRODUCT_NAME = "$(TARGET_NAME)";
				SWIFT_VERSION = 5.0;
				TARGETED_DEVICE_FAMILY = "1,2";
				TEST_TARGET_NAME = "building-lists-and-navigation";
			};
			name = Debug;
		};
		4949F56223514E2200742B8B /* Release */ = {
			isa = XCBuildConfiguration;
			buildSettings = {
				ALWAYS_EMBED_SWIFT_STANDARD_LIBRARIES = YES;
				CODE_SIGN_STYLE = Automatic;
				INFOPLIST_FILE = "building-lists-and-navigationUITests/Info.plist";
				LD_RUNPATH_SEARCH_PATHS = (
					"$(inherited)",
					"@executable_path/Frameworks",
					"@loader_path/Frameworks",
				);
				PRODUCT_BUNDLE_IDENTIFIER = "me.yo-ta.building-lists-and-navigationUITests";
				PRODUCT_NAME = "$(TARGET_NAME)";
				SWIFT_VERSION = 5.0;
				TARGETED_DEVICE_FAMILY = "1,2";
				TEST_TARGET_NAME = "building-lists-and-navigation";
			};
			name = Release;
		};
/* End XCBuildConfiguration section */

/* Begin XCConfigurationList section */
		4949F52823514E2100742B8B /* Build configuration list for PBXProject "building-lists-and-navigation" */ = {
			isa = XCConfigurationList;
			buildConfigurations = (
				4949F55823514E2200742B8B /* Debug */,
				4949F55923514E2200742B8B /* Release */,
			);
			defaultConfigurationIsVisible = 0;
			defaultConfigurationName = Release;
		};
		4949F55A23514E2200742B8B /* Build configuration list for PBXNativeTarget "building-lists-and-navigation" */ = {
			isa = XCConfigurationList;
			buildConfigurations = (
				4949F55B23514E2200742B8B /* Debug */,
				4949F55C23514E2200742B8B /* Release */,
			);
			defaultConfigurationIsVisible = 0;
			defaultConfigurationName = Release;
		};
		4949F55D23514E2200742B8B /* Build configuration list for PBXNativeTarget "building-lists-and-navigationTests" */ = {
			isa = XCConfigurationList;
			buildConfigurations = (
				4949F55E23514E2200742B8B /* Debug */,
				4949F55F23514E2200742B8B /* Release */,
			);
			defaultConfigurationIsVisible = 0;
			defaultConfigurationName = Release;
		};
		4949F56023514E2200742B8B /* Build configuration list for PBXNativeTarget "building-lists-and-navigationUITests" */ = {
			isa = XCConfigurationList;
			buildConfigurations = (
				4949F56123514E2200742B8B /* Debug */,
				4949F56223514E2200742B8B /* Release */,
			);
			defaultConfigurationIsVisible = 0;
			defaultConfigurationName = Release;
		};
/* End XCConfigurationList section */

/* Begin XCVersionGroup section */
		4949F53423514E2100742B8B /* building_lists_and_navigation.xcdatamodeld */ = {
			isa = XCVersionGroup;
			children = (
				4949F53523514E2100742B8B /* building_lists_and_navigation.xcdatamodel */,
			);
			currentVersion = 4949F53523514E2100742B8B /* building_lists_and_navigation.xcdatamodel */;
			path = building_lists_and_navigation.xcdatamodeld;
			sourceTree = "<group>";
			versionGroupType = wrapper.xcdatamodel;
		};
/* End XCVersionGroup section */
	};
	rootObject = 4949F52523514E2100742B8B /* Project object */;
}
